
Microsoft Visual Studio Solution File, Format Version 12.00
# Visual Studio 2012
Project("{8BC9CEB8-8B4A-11D0-8D11-00A0C91BC942}") = "LevmarSharp", "LevmarSharp\LevmarSharp.vcxproj", "{9677BCB2-881D-4CB1-A233-CFC6710A2499}"
EndProject
Global
	GlobalSection(SolutionConfigurationPlatforms) = preSolution
		Debug|Win32 = Debug|Win32
		Release|Win32 = Release|Win32
	EndGlobalSection
	GlobalSection(ProjectConfigurationPlatforms) = postSolution
		{9677BCB2-881D-4CB1-A233-CFC6710A2499}.Debug|Win32.ActiveCfg = Debug|Win32
		{9677BCB2-881D-4CB1-A233-CFC6710A2499}.Debug|Win32.Build.0 = Debug|Win32
		{9677BCB2-881D-4CB1-A233-CFC6710A2499}.Release|Win32.ActiveCfg = Release|Win32
		{9677BCB2-881D-4CB1-A233-CFC6710A2499}.Release|Win32.Build.0 = Release|Win32
	EndGlobalSection
	GlobalSection(SolutionProperties) = preSolution
		HideSolutionNode = FALSE
	EndGlobalSection
EndGlobal
